
Microsoft Visual Studio Solution File, Format Version 12.00
# Visual Studio Version 17
VisualStudioVersion = 17.2.32317.152
MinimumVisualStudioVersion = 10.0.40219.1
Project("{2150E333-8FDC-42A3-9474-1A3956D46DE8}") = "Build", "Build", "{9945B495-4B8D-4D68-A1BD-BA69866A202B}"
	ProjectSection(SolutionItems) = preProject
		appveyor.yml = appveyor.yml
		coverage.cmd = coverage.cmd
	EndProjectSection
EndProject
Project("{9A19103F-16F7-4668-BE54-9A1E7A4F7556}") = "ChordPro.Lib", "ChordPro.Lib\ChordPro.Lib.csproj", "{E65B7EF8-3629-4DC3-9596-918795AA5009}"
EndProject
Project("{9A19103F-16F7-4668-BE54-9A1E7A4F7556}") = "ChordPro.Tests", "ChordPro.Tests\ChordPro.Tests.csproj", "{78ADC87D-DE32-4F1E-BE89-B04F1BC4C86C}"
EndProject
Global
	GlobalSection(SolutionConfigurationPlatforms) = preSolution
		Debug|Any CPU = Debug|Any CPU
		Release|Any CPU = Release|Any CPU
	EndGlobalSection
	GlobalSection(ProjectConfigurationPlatforms) = postSolution
		{E65B7EF8-3629-4DC3-9596-918795AA5009}.Debug|Any CPU.ActiveCfg = Debug|Any CPU
		{E65B7EF8-3629-4DC3-9596-918795AA5009}.Debug|Any CPU.Build.0 = Debug|Any CPU
		{E65B7EF8-3629-4DC3-9596-918795AA5009}.Release|Any CPU.ActiveCfg = Release|Any CPU
		{E65B7EF8-3629-4DC3-9596-918795AA5009}.Release|Any CPU.Build.0 = Release|Any CPU
		{78ADC87D-DE32-4F1E-BE89-B04F1BC4C86C}.Debug|Any CPU.ActiveCfg = Debug|Any CPU
		{78ADC87D-DE32-4F1E-BE89-B04F1BC4C86C}.Debug|Any CPU.Build.0 = Debug|Any CPU
		{78ADC87D-DE32-4F1E-BE89-B04F1BC4C86C}.Release|Any CPU.ActiveCfg = Release|Any CPU
		{78ADC87D-DE32-4F1E-BE89-B04F1BC4C86C}.Release|Any CPU.Build.0 = Release|Any CPU
	EndGlobalSection
	GlobalSection(SolutionProperties) = preSolution
		HideSolutionNode = FALSE
	EndGlobalSection
	GlobalSection(ExtensibilityGlobals) = postSolution
		SolutionGuid = {A4BDB6A6-71C4-421C-A826-71F071560A38}
	EndGlobalSection
EndGlobal
